{
  "nodes": {
    "nixpkgs": {
      "locked": {
        "lastModified": 1599858719,
        "narHash": "sha256-CwcBj3hB5+xdAQigGDTTTynubj+fAFLEr2vXtrKLytI=",
        "owner": "NixOS",
        "repo": "nixpkgs",
        "rev": "e0759a49733dfc3aa225b8a7423c00da6e1ecb67",
        "type": "github"
      },
      "original": {
        "owner": "NixOS",
        "ref": "nixos-unstable",
        "repo": "nixpkgs",
        "type": "github"
      }
    },
    "root": {
      "inputs": {
        "nixpkgs": "nixpkgs"
      }
    }
  },
  "root": "root",
  "version": 7
}
